
Microsoft Visual Studio Solution File, Format Version 12.00
# Visual Studio Version 17
VisualStudioVersion = 17.2.32616.157
MinimumVisualStudioVersion = 10.0.40219.1
Project("{9A19103F-16F7-4668-BE54-9A1E7A4F7556}") = "AccountingSystem.Server", "AccountingSystem\Server\AccountingSystem.Server.csproj", "{8CCB508B-3161-41F0-89A0-7F7C710039A8}"
EndProject
Project("{9A19103F-16F7-4668-BE54-9A1E7A4F7556}") = "AccountingSystem.Client", "AccountingSystem\Client\AccountingSystem.Client.csproj", "{1E9F9C69-9884-48ED-89B3-ED4A3FED06CD}"
EndProject
Project("{9A19103F-16F7-4668-BE54-9A1E7A4F7556}") = "AccountingSystem.Shared", "AccountingSystem\Shared\AccountingSystem.Shared.csproj", "{7DC175A6-59CD-4A83-9B75-105ABC7A84D3}"
EndProject
Global
	GlobalSection(SolutionConfigurationPlatforms) = preSolution
		Debug|Any CPU = Debug|Any CPU
		Release|Any CPU = Release|Any CPU
	EndGlobalSection
	GlobalSection(ProjectConfigurationPlatforms) = postSolution
		{8CCB508B-3161-41F0-89A0-7F7C710039A8}.Debug|Any CPU.ActiveCfg = Debug|Any CPU
		{8CCB508B-3161-41F0-89A0-7F7C710039A8}.Debug|Any CPU.Build.0 = Debug|Any CPU
		{8CCB508B-3161-41F0-89A0-7F7C710039A8}.Release|Any CPU.ActiveCfg = Release|Any CPU
		{8CCB508B-3161-41F0-89A0-7F7C710039A8}.Release|Any CPU.Build.0 = Release|Any CPU
		{1E9F9C69-9884-48ED-89B3-ED4A3FED06CD}.Debug|Any CPU.ActiveCfg = Debug|Any CPU
		{1E9F9C69-9884-48ED-89B3-ED4A3FED06CD}.Debug|Any CPU.Build.0 = Debug|Any CPU
		{1E9F9C69-9884-48ED-89B3-ED4A3FED06CD}.Release|Any CPU.ActiveCfg = Release|Any CPU
		{1E9F9C69-9884-48ED-89B3-ED4A3FED06CD}.Release|Any CPU.Build.0 = Release|Any CPU
		{7DC175A6-59CD-4A83-9B75-105ABC7A84D3}.Debug|Any CPU.ActiveCfg = Debug|Any CPU
		{7DC175A6-59CD-4A83-9B75-105ABC7A84D3}.Debug|Any CPU.Build.0 = Debug|Any CPU
		{7DC175A6-59CD-4A83-9B75-105ABC7A84D3}.Release|Any CPU.ActiveCfg = Release|Any CPU
		{7DC175A6-59CD-4A83-9B75-105ABC7A84D3}.Release|Any CPU.Build.0 = Release|Any CPU
	EndGlobalSection
	GlobalSection(SolutionProperties) = preSolution
		HideSolutionNode = FALSE
	EndGlobalSection
	GlobalSection(ExtensibilityGlobals) = postSolution
		SolutionGuid = {57DED8DB-EEC0-4339-8669-9BC844C1724E}
	EndGlobalSection
EndGlobal
